
Microsoft Visual Studio Solution File, Format Version 12.00
# Visual Studio Version 16
VisualStudioVersion = 16.0.30002.166
MinimumVisualStudioVersion = 10.0.40219.1
Project("{888888A0-9F3D-457C-B088-3A5042F75D52}") = "LUDO pytania", "LUDO pytania\LUDO pytania.pyproj", "{E59596DB-3C64-47C4-8FA8-603430C4FC41}"
EndProject
Global
	GlobalSection(SolutionConfigurationPlatforms) = preSolution
		Debug|Any CPU = Debug|Any CPU
		Release|Any CPU = Release|Any CPU
	EndGlobalSection
	GlobalSection(ProjectConfigurationPlatforms) = postSolution
		{E59596DB-3C64-47C4-8FA8-603430C4FC41}.Debug|Any CPU.ActiveCfg = Debug|Any CPU
		{E59596DB-3C64-47C4-8FA8-603430C4FC41}.Release|Any CPU.ActiveCfg = Release|Any CPU
	EndGlobalSection
	GlobalSection(SolutionProperties) = preSolution
		HideSolutionNode = FALSE
	EndGlobalSection
	GlobalSection(ExtensibilityGlobals) = postSolution
		SolutionGuid = {0D5DFA3C-BDF7-49BF-AB35-4CA7B482C724}
	EndGlobalSection
EndGlobal
